
Microsoft Visual Studio Solution File, Format Version 12.00
# Visual Studio Version 16
VisualStudioVersion = 16.0.30114.105
MinimumVisualStudioVersion = 10.0.40219.1
Project("{FAE04EC0-301F-11D3-BF4B-00C04F79EFBC}") = "Application", "Api.Application\Application.csproj", "{C50DEB08-95A9-45C4-BDC1-8BECD355574A}"
EndProject
Project("{FAE04EC0-301F-11D3-BF4B-00C04F79EFBC}") = "Domain", "Api.Domain\Domain.csproj", "{CDAB9243-EA3B-4ED5-99C5-727C19619C90}"
EndProject
Project("{FAE04EC0-301F-11D3-BF4B-00C04F79EFBC}") = "CrossCutting", "Api.CrossCutting\CrossCutting.csproj", "{84F76E2B-576C-48FB-B1AD-FD989F7B9280}"
EndProject
Project("{FAE04EC0-301F-11D3-BF4B-00C04F79EFBC}") = "Data", "Api.Data\Data.csproj", "{3D50F950-5D76-47A1-889F-E319CCDF320F}"
EndProject
Project("{FAE04EC0-301F-11D3-BF4B-00C04F79EFBC}") = "Service", "Api.Service\Service.csproj", "{591BC40E-B965-4152-87FD-5D1F7F227BC2}"
EndProject
Global
	GlobalSection(SolutionConfigurationPlatforms) = preSolution
		Debug|Any CPU = Debug|Any CPU
		Debug|x64 = Debug|x64
		Debug|x86 = Debug|x86
		Release|Any CPU = Release|Any CPU
		Release|x64 = Release|x64
		Release|x86 = Release|x86
	EndGlobalSection
	GlobalSection(SolutionProperties) = preSolution
		HideSolutionNode = FALSE
	EndGlobalSection
	GlobalSection(ProjectConfigurationPlatforms) = postSolution
		{C50DEB08-95A9-45C4-BDC1-8BECD355574A}.Debug|Any CPU.ActiveCfg = Debug|Any CPU
		{C50DEB08-95A9-45C4-BDC1-8BECD355574A}.Debug|Any CPU.Build.0 = Debug|Any CPU
		{C50DEB08-95A9-45C4-BDC1-8BECD355574A}.Debug|x64.ActiveCfg = Debug|Any CPU
		{C50DEB08-95A9-45C4-BDC1-8BECD355574A}.Debug|x64.Build.0 = Debug|Any CPU
		{C50DEB08-95A9-45C4-BDC1-8BECD355574A}.Debug|x86.ActiveCfg = Debug|Any CPU
		{C50DEB08-95A9-45C4-BDC1-8BECD355574A}.Debug|x86.Build.0 = Debug|Any CPU
		{C50DEB08-95A9-45C4-BDC1-8BECD355574A}.Release|Any CPU.ActiveCfg = Release|Any CPU
		{C50DEB08-95A9-45C4-BDC1-8BECD355574A}.Release|Any CPU.Build.0 = Release|Any CPU
		{C50DEB08-95A9-45C4-BDC1-8BECD355574A}.Release|x64.ActiveCfg = Release|Any CPU
		{C50DEB08-95A9-45C4-BDC1-8BECD355574A}.Release|x64.Build.0 = Release|Any CPU
		{C50DEB08-95A9-45C4-BDC1-8BECD355574A}.Release|x86.ActiveCfg = Release|Any CPU
		{C50DEB08-95A9-45C4-BDC1-8BECD355574A}.Release|x86.Build.0 = Release|Any CPU
		{CDAB9243-EA3B-4ED5-99C5-727C19619C90}.Debug|Any CPU.ActiveCfg = Debug|Any CPU
		{CDAB9243-EA3B-4ED5-99C5-727C19619C90}.Debug|Any CPU.Build.0 = Debug|Any CPU
		{CDAB9243-EA3B-4ED5-99C5-727C19619C90}.Debug|x64.ActiveCfg = Debug|Any CPU
		{CDAB9243-EA3B-4ED5-99C5-727C19619C90}.Debug|x64.Build.0 = Debug|Any CPU
		{CDAB9243-EA3B-4ED5-99C5-727C19619C90}.Debug|x86.ActiveCfg = Debug|Any CPU
		{CDAB9243-EA3B-4ED5-99C5-727C19619C90}.Debug|x86.Build.0 = Debug|Any CPU
		{CDAB9243-EA3B-4ED5-99C5-727C19619C90}.Release|Any CPU.ActiveCfg = Release|Any CPU
		{CDAB9243-EA3B-4ED5-99C5-727C19619C90}.Release|Any CPU.Build.0 = Release|Any CPU
		{CDAB9243-EA3B-4ED5-99C5-727C19619C90}.Release|x64.ActiveCfg = Release|Any CPU
		{CDAB9243-EA3B-4ED5-99C5-727C19619C90}.Release|x64.Build.0 = Release|Any CPU
		{CDAB9243-EA3B-4ED5-99C5-727C19619C90}.Release|x86.ActiveCfg = Release|Any CPU
		{CDAB9243-EA3B-4ED5-99C5-727C19619C90}.Release|x86.Build.0 = Release|Any CPU
		{84F76E2B-576C-48FB-B1AD-FD989F7B9280}.Debug|Any CPU.ActiveCfg = Debug|Any CPU
		{84F76E2B-576C-48FB-B1AD-FD989F7B9280}.Debug|Any CPU.Build.0 = Debug|Any CPU
		{84F76E2B-576C-48FB-B1AD-FD989F7B9280}.Debug|x64.ActiveCfg = Debug|Any CPU
		{84F76E2B-576C-48FB-B1AD-FD989F7B9280}.Debug|x64.Build.0 = Debug|Any CPU
		{84F76E2B-576C-48FB-B1AD-FD989F7B9280}.Debug|x86.ActiveCfg = Debug|Any CPU
		{84F76E2B-576C-48FB-B1AD-FD989F7B9280}.Debug|x86.Build.0 = Debug|Any CPU
		{84F76E2B-576C-48FB-B1AD-FD989F7B9280}.Release|Any CPU.ActiveCfg = Release|Any CPU
		{84F76E2B-576C-48FB-B1AD-FD989F7B9280}.Release|Any CPU.Build.0 = Release|Any CPU
		{84F76E2B-576C-48FB-B1AD-FD989F7B9280}.Release|x64.ActiveCfg = Release|Any CPU
		{84F76E2B-576C-48FB-B1AD-FD989F7B9280}.Release|x64.Build.0 = Release|Any CPU
		{84F76E2B-576C-48FB-B1AD-FD989F7B9280}.Release|x86.ActiveCfg = Release|Any CPU
		{84F76E2B-576C-48FB-B1AD-FD989F7B9280}.Release|x86.Build.0 = Release|Any CPU
		{3D50F950-5D76-47A1-889F-E319CCDF320F}.Debug|Any CPU.ActiveCfg = Debug|Any CPU
		{3D50F950-5D76-47A1-889F-E319CCDF320F}.Debug|Any CPU.Build.0 = Debug|Any CPU
		{3D50F950-5D76-47A1-889F-E319CCDF320F}.Debug|x64.ActiveCfg = Debug|Any CPU
		{3D50F950-5D76-47A1-889F-E319CCDF320F}.Debug|x64.Build.0 = Debug|Any CPU
		{3D50F950-5D76-47A1-889F-E319CCDF320F}.Debug|x86.ActiveCfg = Debug|Any CPU
		{3D50F950-5D76-47A1-889F-E319CCDF320F}.Debug|x86.Build.0 = Debug|Any CPU
		{3D50F950-5D76-47A1-889F-E319CCDF320F}.Release|Any CPU.ActiveCfg = Release|Any CPU
		{3D50F950-5D76-47A1-889F-E319CCDF320F}.Release|Any CPU.Build.0 = Release|Any CPU
		{3D50F950-5D76-47A1-889F-E319CCDF320F}.Release|x64.ActiveCfg = Release|Any CPU
		{3D50F950-5D76-47A1-889F-E319CCDF320F}.Release|x64.Build.0 = Release|Any CPU
		{3D50F950-5D76-47A1-889F-E319CCDF320F}.Release|x86.ActiveCfg = Release|Any CPU
		{3D50F950-5D76-47A1-889F-E319CCDF320F}.Release|x86.Build.0 = Release|Any CPU
		{591BC40E-B965-4152-87FD-5D1F7F227BC2}.Debug|Any CPU.ActiveCfg = Debug|Any CPU
		{591BC40E-B965-4152-87FD-5D1F7F227BC2}.Debug|Any CPU.Build.0 = Debug|Any CPU
		{591BC40E-B965-4152-87FD-5D1F7F227BC2}.Debug|x64.ActiveCfg = Debug|Any CPU
		{591BC40E-B965-4152-87FD-5D1F7F227BC2}.Debug|x64.Build.0 = Debug|Any CPU
		{591BC40E-B965-4152-87FD-5D1F7F227BC2}.Debug|x86.ActiveCfg = Debug|Any CPU
		{591BC40E-B965-4152-87FD-5D1F7F227BC2}.Debug|x86.Build.0 = Debug|Any CPU
		{591BC40E-B965-4152-87FD-5D1F7F227BC2}.Release|Any CPU.ActiveCfg = Release|Any CPU
		{591BC40E-B965-4152-87FD-5D1F7F227BC2}.Release|Any CPU.Build.0 = Release|Any CPU
		{591BC40E-B965-4152-87FD-5D1F7F227BC2}.Release|x64.ActiveCfg = Release|Any CPU
		{591BC40E-B965-4152-87FD-5D1F7F227BC2}.Release|x64.Build.0 = Release|Any CPU
		{591BC40E-B965-4152-87FD-5D1F7F227BC2}.Release|x86.ActiveCfg = Release|Any CPU
		{591BC40E-B965-4152-87FD-5D1F7F227BC2}.Release|x86.Build.0 = Release|Any CPU
	EndGlobalSection
EndGlobal
